// !$*UTF8*$!
{
	archiveVersion = 1;
	classes = {
	};
	objectVersion = 50;
	objects = {

/* Begin PBXBuildFile section */
		82B11B6921AB4FC1008D1C84 /* AppDelegate.swift in Sources */ = {isa = PBXBuildFile; fileRef = 82B11B6821AB4FC1008D1C84 /* AppDelegate.swift */; };
		82B11B6E21AB4FC1008D1C84 /* Main.storyboard in Resources */ = {isa = PBXBuildFile; fileRef = 82B11B6C21AB4FC1008D1C84 /* Main.storyboard */; };
		82B11B7021AB4FC3008D1C84 /* Assets.xcassets in Resources */ = {isa = PBXBuildFile; fileRef = 82B11B6F21AB4FC3008D1C84 /* Assets.xcassets */; };
		82B11B7321AB4FC3008D1C84 /* LaunchScreen.storyboard in Resources */ = {isa = PBXBuildFile; fileRef = 82B11B7121AB4FC3008D1C84 /* LaunchScreen.storyboard */; };
		82B11B7D21AB5238008D1C84 /* Tasks.xcdatamodeld in Sources */ = {isa = PBXBuildFile; fileRef = 82B11B7B21AB5238008D1C84 /* Tasks.xcdatamodeld */; };
		82B11B8021AB537B008D1C84 /* Task+Convenience.swift in Sources */ = {isa = PBXBuildFile; fileRef = 82B11B7F21AB537B008D1C84 /* Task+Convenience.swift */; };
		82B11B8221AB552F008D1C84 /* CoreDataStack.swift in Sources */ = {isa = PBXBuildFile; fileRef = 82B11B8121AB552F008D1C84 /* CoreDataStack.swift */; };
		82B11B8421AB6A62008D1C84 /* TasksTableViewController.swift in Sources */ = {isa = PBXBuildFile; fileRef = 82B11B8321AB6A62008D1C84 /* TasksTableViewController.swift */; };
		82B11B8821AB6B8F008D1C84 /* TaskViewController.swift in Sources */ = {isa = PBXBuildFile; fileRef = 82B11B8721AB6B8F008D1C84 /* TaskViewController.swift */; };
/* End PBXBuildFile section */

/* Begin PBXFileReference section */
		82B11B6521AB4FC1008D1C84 /* Tasks.app */ = {isa = PBXFileReference; explicitFileType = wrapper.application; includeInIndex = 0; path = Tasks.app; sourceTree = BUILT_PRODUCTS_DIR; };
		82B11B6821AB4FC1008D1C84 /* AppDelegate.swift */ = {isa = PBXFileReference; lastKnownFileType = sourcecode.swift; path = AppDelegate.swift; sourceTree = "<group>"; };
		82B11B6D21AB4FC1008D1C84 /* Base */ = {isa = PBXFileReference; lastKnownFileType = file.storyboard; name = Base; path = Base.lproj/Main.storyboard; sourceTree = "<group>"; };
		82B11B6F21AB4FC3008D1C84 /* Assets.xcassets */ = {isa = PBXFileReference; lastKnownFileType = folder.assetcatalog; path = Assets.xcassets; sourceTree = "<group>"; };
		82B11B7221AB4FC3008D1C84 /* Base */ = {isa = PBXFileReference; lastKnownFileType = file.storyboard; name = Base; path = Base.lproj/LaunchScreen.storyboard; sourceTree = "<group>"; };
		82B11B7421AB4FC3008D1C84 /* Info.plist */ = {isa = PBXFileReference; lastKnownFileType = text.plist.xml; path = Info.plist; sourceTree = "<group>"; };
		82B11B7C21AB5238008D1C84 /* Tasks.xcdatamodel */ = {isa = PBXFileReference; lastKnownFileType = wrapper.xcdatamodel; path = Tasks.xcdatamodel; sourceTree = "<group>"; };
		82B11B7F21AB537B008D1C84 /* Task+Convenience.swift */ = {isa = PBXFileReference; lastKnownFileType = sourcecode.swift; path = "Task+Convenience.swift"; sourceTree = "<group>"; };
		82B11B8121AB552F008D1C84 /* CoreDataStack.swift */ = {isa = PBXFileReference; lastKnownFileType = sourcecode.swift; path = CoreDataStack.swift; sourceTree = "<group>"; };
		82B11B8321AB6A62008D1C84 /* TasksTableViewController.swift */ = {isa = PBXFileReference; lastKnownFileType = sourcecode.swift; path = TasksTableViewController.swift; sourceTree = "<group>"; };
		82B11B8721AB6B8F008D1C84 /* TaskViewController.swift */ = {isa = PBXFileReference; lastKnownFileType = sourcecode.swift; path = TaskViewController.swift; sourceTree = "<group>"; };
/* End PBXFileReference section */

/* Begin PBXFrameworksBuildPhase section */
		82B11B6221AB4FC1008D1C84 /* Frameworks */ = {
			isa = PBXFrameworksBuildPhase;
			buildActionMask = 2147483647;
			files = (
			);
			runOnlyForDeploymentPostprocessing = 0;
		};
/* End PBXFrameworksBuildPhase section */

/* Begin PBXGroup section */
		82B11B5C21AB4FC1008D1C84 = {
			isa = PBXGroup;
			children = (
				82B11B6721AB4FC1008D1C84 /* Tasks */,
				82B11B6621AB4FC1008D1C84 /* Products */,
			);
			sourceTree = "<group>";
		};
		82B11B6621AB4FC1008D1C84 /* Products */ = {
			isa = PBXGroup;
			children = (
				82B11B6521AB4FC1008D1C84 /* Tasks.app */,
			);
			name = Products;
			sourceTree = "<group>";
		};
		82B11B6721AB4FC1008D1C84 /* Tasks */ = {
			isa = PBXGroup;
			children = (
				82B11B7E21AB5246008D1C84 /* Models */,
				82B11B8621AB6A83008D1C84 /* View Controllers */,
				82B11B8521AB6A79008D1C84 /* Storyboards */,
				82B11B7A21AB51F5008D1C84 /* Resources */,
			);
			path = Tasks;
			sourceTree = "<group>";
		};
		82B11B7A21AB51F5008D1C84 /* Resources */ = {
			isa = PBXGroup;
			children = (
				82B11B6821AB4FC1008D1C84 /* AppDelegate.swift */,
				82B11B6F21AB4FC3008D1C84 /* Assets.xcassets */,
				82B11B7421AB4FC3008D1C84 /* Info.plist */,
			);
			path = Resources;
			sourceTree = "<group>";
		};
		82B11B7E21AB5246008D1C84 /* Models */ = {
			isa = PBXGroup;
			children = (
				82B11B7B21AB5238008D1C84 /* Tasks.xcdatamodeld */,
				82B11B7F21AB537B008D1C84 /* Task+Convenience.swift */,
				82B11B8121AB552F008D1C84 /* CoreDataStack.swift */,
			);
			path = Models;
			sourceTree = "<group>";
		};
		82B11B8521AB6A79008D1C84 /* Storyboards */ = {
			isa = PBXGroup;
			children = (
				82B11B6C21AB4FC1008D1C84 /* Main.storyboard */,
				82B11B7121AB4FC3008D1C84 /* LaunchScreen.storyboard */,
			);
			path = Storyboards;
			sourceTree = "<group>";
		};
		82B11B8621AB6A83008D1C84 /* View Controllers */ = {
			isa = PBXGroup;
			children = (
				82B11B8321AB6A62008D1C84 /* TasksTableViewController.swift */,
				82B11B8721AB6B8F008D1C84 /* TaskViewController.swift */,
			);
			path = "View Controllers";
			sourceTree = "<group>";
		};
/* End PBXGroup section */

/* Begin PBXNativeTarget section */
		82B11B6421AB4FC1008D1C84 /* Tasks */ = {
			isa = PBXNativeTarget;
			buildConfigurationList = 82B11B7721AB4FC3008D1C84 /* Build configuration list for PBXNativeTarget "Tasks" */;
			buildPhases = (
				82B11B6121AB4FC1008D1C84 /* Sources */,
				82B11B6221AB4FC1008D1C84 /* Frameworks */,
				82B11B6321AB4FC1008D1C84 /* Resources */,
			);
			buildRules = (
			);
			dependencies = (
			);
			name = Tasks;
			productName = Tasks;
			productReference = 82B11B6521AB4FC1008D1C84 /* Tasks.app */;
			productType = "com.apple.product-type.application";
		};
/* End PBXNativeTarget section */

/* Begin PBXProject section */
		82B11B5D21AB4FC1008D1C84 /* Project object */ = {
			isa = PBXProject;
			attributes = {
				LastSwiftUpdateCheck = 1010;
				LastUpgradeCheck = 1010;
				ORGANIZATIONNAME = "Lambda School";
				TargetAttributes = {
					82B11B6421AB4FC1008D1C84 = {
						CreatedOnToolsVersion = 10.1;
					};
				};
			};
			buildConfigurationList = 82B11B6021AB4FC1008D1C84 /* Build configuration list for PBXProject "Tasks" */;
			compatibilityVersion = "Xcode 9.3";
			developmentRegion = en;
			hasScannedForEncodings = 0;
			knownRegions = (
				en,
				Base,
			);
			mainGroup = 82B11B5C21AB4FC1008D1C84;
			productRefGroup = 82B11B6621AB4FC1008D1C84 /* Products */;
			projectDirPath = "";
			projectRoot = "";
			targets = (
				82B11B6421AB4FC1008D1C84 /* Tasks */,
			);
		};
/* End PBXProject section */

/* Begin PBXResourcesBuildPhase section */
		82B11B6321AB4FC1008D1C84 /* Resources */ = {
			isa = PBXResourcesBuildPhase;
			buildActionMask = 2147483647;
			files = (
				82B11B7321AB4FC3008D1C84 /* LaunchScreen.storyboard in Resources */,
				82B11B7021AB4FC3008D1C84 /* Assets.xcassets in Resources */,
				82B11B6E21AB4FC1008D1C84 /* Main.storyboard in Resources */,
			);
			runOnlyForDeploymentPostprocessing = 0;
		};
/* End PBXResourcesBuildPhase section */

/* Begin PBXSourcesBuildPhase section */
		82B11B6121AB4FC1008D1C84 /* Sources */ = {
			isa = PBXSourcesBuildPhase;
			buildActionMask = 2147483647;
			files = (
				82B11B8221AB552F008D1C84 /* CoreDataStack.swift in Sources */,
				82B11B8421AB6A62008D1C84 /* TasksTableViewController.swift in Sources */,
				82B11B8021AB537B008D1C84 /* Task+Convenience.swift in Sources */,
				82B11B6921AB4FC1008D1C84 /* AppDelegate.swift in Sources */,
				82B11B7D21AB5238008D1C84 /* Tasks.xcdatamodeld in Sources */,
				82B11B8821AB6B8F008D1C84 /* TaskViewController.swift in Sources */,
			);
			runOnlyForDeploymentPostprocessing = 0;
		};
/* End PBXSourcesBuildPhase section */

/* Begin PBXVariantGroup section */
		82B11B6C21AB4FC1008D1C84 /* Main.storyboard */ = {
			isa = PBXVariantGroup;
			children = (
				82B11B6D21AB4FC1008D1C84 /* Base */,
			);
			name = Main.storyboard;
			sourceTree = "<group>";
		};
		82B11B7121AB4FC3008D1C84 /* LaunchScreen.storyboard */ = {
			isa = PBXVariantGroup;
			children = (
				82B11B7221AB4FC3008D1C84 /* Base */,
			);
			name = LaunchScreen.storyboard;
			sourceTree = "<group>";
		};
/* End PBXVariantGroup section */

/* Begin XCBuildConfiguration section */
		82B11B7521AB4FC3008D1C84 /* Debug */ = {
			isa = XCBuildConfiguration;
			buildSettings = {
				ALWAYS_SEARCH_USER_PATHS = NO;
				CLANG_ANALYZER_NONNULL = YES;
				CLANG_ANALYZER_NUMBER_OBJECT_CONVERSION = YES_AGGRESSIVE;
				CLANG_CXX_LANGUAGE_STANDARD = "gnu++14";
				CLANG_CXX_LIBRARY = "libc++";
				CLANG_ENABLE_MODULES = YES;
				CLANG_ENABLE_OBJC_ARC = YES;
				CLANG_ENABLE_OBJC_WEAK = YES;
				CLANG_WARN_BLOCK_CAPTURE_AUTORELEASING = YES;
				CLANG_WARN_BOOL_CONVERSION = YES;
				CLANG_WARN_COMMA = YES;
				CLANG_WARN_CONSTANT_CONVERSION = YES;
				CLANG_WARN_DEPRECATED_OBJC_IMPLEMENTATIONS = YES;
				CLANG_WARN_DIRECT_OBJC_ISA_USAGE = YES_ERROR;
				CLANG_WARN_DOCUMENTATION_COMMENTS = YES;
				CLANG_WARN_EMPTY_BODY = YES;
				CLANG_WARN_ENUM_CONVERSION = YES;
				CLANG_WARN_INFINITE_RECURSION = YES;
				CLANG_WARN_INT_CONVERSION = YES;
				CLANG_WARN_NON_LITERAL_NULL_CONVERSION = YES;
				CLANG_WARN_OBJC_IMPLICIT_RETAIN_SELF = YES;
				CLANG_WARN_OBJC_LITERAL_CONVERSION = YES;
				CLANG_WARN_OBJC_ROOT_CLASS = YES_ERROR;
				CLANG_WARN_RANGE_LOOP_ANALYSIS = YES;
				CLANG_WARN_STRICT_PROTOTYPES = YES;
				CLANG_WARN_SUSPICIOUS_MOVE = YES;
				CLANG_WARN_UNGUARDED_AVAILABILITY = YES_AGGRESSIVE;
				CLANG_WARN_UNREACHABLE_CODE = YES;
				CLANG_WARN__DUPLICATE_METHOD_MATCH = YES;
				CODE_SIGN_IDENTITY = "iPhone Developer";
				COPY_PHASE_STRIP = NO;
				DEBUG_INFORMATION_FORMAT = dwarf;
				ENABLE_STRICT_OBJC_MSGSEND = YES;
				ENABLE_TESTABILITY = YES;
				GCC_C_LANGUAGE_STANDARD = gnu11;
				GCC_DYNAMIC_NO_PIC = NO;
				GCC_NO_COMMON_BLOCKS = YES;
				GCC_OPTIMIZATION_LEVEL = 0;
				GCC_PREPROCESSOR_DEFINITIONS = (
					"DEBUG=1",
					"$(inherited)",
				);
				GCC_WARN_64_TO_32_BIT_CONVERSION = YES;
				GCC_WARN_ABOUT_RETURN_TYPE = YES_ERROR;
				GCC_WARN_UNDECLARED_SELECTOR = YES;
				GCC_WARN_UNINITIALIZED_AUTOS = YES_AGGRESSIVE;
				GCC_WARN_UNUSED_FUNCTION = YES;
				GCC_WARN_UNUSED_VARIABLE = YES;
				IPHONEOS_DEPLOYMENT_TARGET = 12.1;
				MTL_ENABLE_DEBUG_INFO = INCLUDE_SOURCE;
				MTL_FAST_MATH = YES;
				ONLY_ACTIVE_ARCH = YES;
				SDKROOT = iphoneos;
				SWIFT_ACTIVE_COMPILATION_CONDITIONS = DEBUG;
				SWIFT_OPTIMIZATION_LEVEL = "-Onone";
			};
			name = Debug;
		};
		82B11B7621AB4FC3008D1C84 /* Release */ = {
			isa = XCBuildConfiguration;
			buildSettings = {
				ALWAYS_SEARCH_USER_PATHS = NO;
				CLANG_ANALYZER_NONNULL = YES;
				CLANG_ANALYZER_NUMBER_OBJECT_CONVERSION = YES_AGGRESSIVE;
				CLANG_CXX_LANGUAGE_STANDARD = "gnu++14";
				CLANG_CXX_LIBRARY = "libc++";
				CLANG_ENABLE_MODULES = YES;
				CLANG_ENABLE_OBJC_ARC = YES;
				CLANG_ENABLE_OBJC_WEAK = YES;
				CLANG_WARN_BLOCK_CAPTURE_AUTORELEASING = YES;
				CLANG_WARN_BOOL_CONVERSION = YES;
				CLANG_WARN_COMMA = YES;
				CLANG_WARN_CONSTANT_CONVERSION = YES;
				CLANG_WARN_DEPRECATED_OBJC_IMPLEMENTATIONS = YES;
				CLANG_WARN_DIRECT_OBJC_ISA_USAGE = YES_ERROR;
				CLANG_WARN_DOCUMENTATION_COMMENTS = YES;
				CLANG_WARN_EMPTY_BODY = YES;
				CLANG_WARN_ENUM_CONVERSION = YES;
				CLANG_WARN_INFINITE_RECURSION = YES;
				CLANG_WARN_INT_CONVERSION = YES;
				CLANG_WARN_NON_LITERAL_NULL_CONVERSION = YES;
				CLANG_WARN_OBJC_IMPLICIT_RETAIN_SELF = YES;
				CLANG_WARN_OBJC_LITERAL_CONVERSION = YES;
				CLANG_WARN_OBJC_ROOT_CLASS = YES_ERROR;
				CLANG_WARN_RANGE_LOOP_ANALYSIS = YES;
				CLANG_WARN_STRICT_PROTOTYPES = YES;
				CLANG_WARN_SUSPICIOUS_MOVE = YES;
				CLANG_WARN_UNGUARDED_AVAILABILITY = YES_AGGRESSIVE;
				CLANG_WARN_UNREACHABLE_CODE = YES;
				CLANG_WARN__DUPLICATE_METHOD_MATCH = YES;
				CODE_SIGN_IDENTITY = "iPhone Developer";
				COPY_PHASE_STRIP = NO;
				DEBUG_INFORMATION_FORMAT = "dwarf-with-dsym";
				ENABLE_NS_ASSERTIONS = NO;
				ENABLE_STRICT_OBJC_MSGSEND = YES;
				GCC_C_LANGUAGE_STANDARD = gnu11;
				GCC_NO_COMMON_BLOCKS = YES;
				GCC_WARN_64_TO_32_BIT_CONVERSION = YES;
				GCC_WARN_ABOUT_RETURN_TYPE = YES_ERROR;
				GCC_WARN_UNDECLARED_SELECTOR = YES;
				GCC_WARN_UNINITIALIZED_AUTOS = YES_AGGRESSIVE;
				GCC_WARN_UNUSED_FUNCTION = YES;
				GCC_WARN_UNUSED_VARIABLE = YES;
				IPHONEOS_DEPLOYMENT_TARGET = 12.1;
				MTL_ENABLE_DEBUG_INFO = NO;
				MTL_FAST_MATH = YES;
				SDKROOT = iphoneos;
				SWIFT_COMPILATION_MODE = wholemodule;
				SWIFT_OPTIMIZATION_LEVEL = "-O";
				VALIDATE_PRODUCT = YES;
			};
			name = Release;
		};
		82B11B7821AB4FC3008D1C84 /* Debug */ = {
			isa = XCBuildConfiguration;
			buildSettings = {
				ASSETCATALOG_COMPILER_APPICON_NAME = AppIcon;
				CODE_SIGN_STYLE = Automatic;
				INFOPLIST_FILE = "$(SRCROOT)/Tasks/Resources/Info.plist";
				LD_RUNPATH_SEARCH_PATHS = (
					"$(inherited)",
					"@executable_path/Frameworks",
				);
				PRODUCT_BUNDLE_IDENTIFIER = com.lambdaschool.Tasks;
				PRODUCT_NAME = "$(TARGET_NAME)";
				SWIFT_VERSION = 4.2;
				TARGETED_DEVICE_FAMILY = "1,2";
			};
			name = Debug;
		};
		82B11B7921AB4FC3008D1C84 /* Release */ = {
			isa = XCBuildConfiguration;
			buildSettings = {
				ASSETCATALOG_COMPILER_APPICON_NAME = AppIcon;
				CODE_SIGN_STYLE = Automatic;
				INFOPLIST_FILE = "$(SRCROOT)/Tasks/Resources/Info.plist";
				LD_RUNPATH_SEARCH_PATHS = (
					"$(inherited)",
					"@executable_path/Frameworks",
				);
				PRODUCT_BUNDLE_IDENTIFIER = com.lambdaschool.Tasks;
				PRODUCT_NAME = "$(TARGET_NAME)";
				SWIFT_VERSION = 4.2;
				TARGETED_DEVICE_FAMILY = "1,2";
			};
			name = Release;
		};
/* End XCBuildConfiguration section */

/* Begin XCConfigurationList section */
		82B11B6021AB4FC1008D1C84 /* Build configuration list for PBXProject "Tasks" */ = {
			isa = XCConfigurationList;
			buildConfigurations = (
				82B11B7521AB4FC3008D1C84 /* Debug */,
				82B11B7621AB4FC3008D1C84 /* Release */,
			);
			defaultConfigurationIsVisible = 0;
			defaultConfigurationName = Release;
		};
		82B11B7721AB4FC3008D1C84 /* Build configuration list for PBXNativeTarget "Tasks" */ = {
			isa = XCConfigurationList;
			buildConfigurations = (
				82B11B7821AB4FC3008D1C84 /* Debug */,
				82B11B7921AB4FC3008D1C84 /* Release */,
			);
			defaultConfigurationIsVisible = 0;
			defaultConfigurationName = Release;
		};
/* End XCConfigurationList section */

/* Begin XCVersionGroup section */
		82B11B7B21AB5238008D1C84 /* Tasks.xcdatamodeld */ = {
			isa = XCVersionGroup;
			children = (
				82B11B7C21AB5238008D1C84 /* Tasks.xcdatamodel */,
			);
			currentVersion = 82B11B7C21AB5238008D1C84 /* Tasks.xcdatamodel */;
			path = Tasks.xcdatamodeld;
			sourceTree = "<group>";
			versionGroupType = wrapper.xcdatamodel;
		};
/* End XCVersionGroup section */
	};
	rootObject = 82B11B5D21AB4FC1008D1C84 /* Project object */;
}
